
Microsoft Visual Studio Solution File, Format Version 12.00
# Visual Studio Version 17
VisualStudioVersion = 17.5.002.0
MinimumVisualStudioVersion = 10.0.40219.1
Project("{9A19103F-16F7-4668-BE54-9A1E7A4F7556}") = "PdfConversion", "PdfConversion.csproj", "{032262C9-D3D4-4AB9-A157-E7A76D58416D}"
EndProject
Global
	GlobalSection(SolutionConfigurationPlatforms) = preSolution
		Debug|Any CPU = Debug|Any CPU
		Release|Any CPU = Release|Any CPU
	EndGlobalSection
	GlobalSection(ProjectConfigurationPlatforms) = postSolution
		{032262C9-D3D4-4AB9-A157-E7A76D58416D}.Debug|Any CPU.ActiveCfg = Debug|Any CPU
		{032262C9-D3D4-4AB9-A157-E7A76D58416D}.Debug|Any CPU.Build.0 = Debug|Any CPU
		{032262C9-D3D4-4AB9-A157-E7A76D58416D}.Release|Any CPU.ActiveCfg = Release|Any CPU
		{032262C9-D3D4-4AB9-A157-E7A76D58416D}.Release|Any CPU.Build.0 = Release|Any CPU
	EndGlobalSection
	GlobalSection(SolutionProperties) = preSolution
		HideSolutionNode = FALSE
	EndGlobalSection
	GlobalSection(ExtensibilityGlobals) = postSolution
		SolutionGuid = {5A0F2E1E-D50B-4859-82AA-90BFAFA95E15}
	EndGlobalSection
EndGlobal
